SITE
  remote: https://supermarket.getchef.com/api/v1
  specs:
    7-zip (1.0.2)
      windows (>= 1.2.2)
    apt (2.4.0)
    ark (0.9.0)
      7-zip (>= 0.0.0)
      windows (>= 0.0.0)
    build-essential (2.0.4)
    chef_handler (1.1.6)
    dmg (2.2.0)
    git (4.0.2)
      build-essential (>= 0.0.0)
      dmg (>= 0.0.0)
      runit (>= 1.0.0)
      windows (>= 0.0.0)
      yum (~> 3.0)
      yum-epel (>= 0.0.0)
    java (1.25.0)
    mysql (5.3.6)
      yum-mysql-community (>= 0.0.0)
    nodejs (2.0.0)
      apt (>= 0.0.0)
      ark (>= 0.0.0)
      build-essential (>= 0.0.0)
      yum-epel (>= 0.0.0)
    runit (1.5.10)
      build-essential (>= 0.0.0)
      yum (~> 3.0)
      yum-epel (>= 0.0.0)
    windows (1.34.0)
      chef_handler (>= 0.0.0)
    yum (3.2.2)
    yum-epel (0.4.0)
      yum (~> 3.0)
    yum-mysql-community (0.1.10)
      yum (>= 3.0)

GIT
  remote: https://github.com/basgren/chef-postgresql.git
  ref: linux-mint-support
  sha: f3403e4bd8946a73eb14f81aa3ba5491d4fdde03
  specs:
    postgresql (0.13.0)
      apt (>= 1.9.0)

GIT
  remote: https://github.com/daptiv/google-chrome.git
  ref: master
  sha: ca61aa6cc32667113e3f14d26445bee2c0b84241
  specs:
    google-chrome (0.1.0)
      apt (>= 0.0.0)
      windows (>= 1.2.6)
      yum (>= 0.0.0)

GIT
  remote: https://github.com/tboerger/chef-rubymine.git
  ref: master
  sha: 89d9c0819e1d2753d138b096d5af53de9a53279b
  specs:
    rubymine (0.0.1)

DEPENDENCIES
  apt (>= 0)
  git (>= 0)
  google-chrome (>= 0)
  java (>= 0)
  mysql (>= 0)
  nodejs (>= 0)
  postgresql (>= 0)
  rubymine (>= 0)

